{
    "_readme": [
        "This file locks the dependencies of your project to a known state",
        "Read more about it at https://getcomposer.org/doc/01-basic-usage.md#installing-dependencies",
        "This file is @generated automatically"
    ],
    "content-hash": "a3d0b320fa3c4ef370fad206eeea7bf9",
    "packages": [
        {
            "name": "liberty/file-system",
            "version": "1.0.8",
            "source": {
                "type": "git",
                "url": "https://github.com/zorinalexey/liberty-file-system.git",
                "reference": "9d15e2da23361f6f0e7168469358d3d064cf16ce"
            },
            "dist": {
                "type": "zip",
                "url": "https://api.github.com/repos/zorinalexey/liberty-file-system/zipball/9d15e2da23361f6f0e7168469358d3d064cf16ce",
                "reference": "9d15e2da23361f6f0e7168469358d3d064cf16ce",
                "shasum": ""
            },
            "require": {
                "php": ">=8.0"
            },
            "type": "library",
            "autoload": {
                "files": [
                    "src/defines.php"
                ],
                "psr-4": {
                    "Liberty\\FileSystem\\": "src/"
                }
            },
            "notification-url": "https://packagist.org/downloads/",
            "license": [
                "MIT"
            ],
            "authors": [
                {
                    "name": "Алексей Зорин",
                    "email": "zorinalexey59292@gmail.com"
                }
            ],
            "description": "Библиотека классов для работы с файловой системой",
            "support": {
                "issues": "https://github.com/zorinalexey/liberty-file-system/issues",
                "source": "https://github.com/zorinalexey/liberty-file-system/tree/1.0.8"
            },
            "time": "2023-01-06T05:45:45+00:00"
        },
        {
            "name": "liberty/helpers",
            "version": "1.0.3",
            "source": {
                "type": "git",
                "url": "https://github.com/zorinalexey/liberty-helpers.git",
                "reference": "56fee7374b114c7e6089473396ef22be8e39c110"
            },
            "dist": {
                "type": "zip",
                "url": "https://api.github.com/repos/zorinalexey/liberty-helpers/zipball/56fee7374b114c7e6089473396ef22be8e39c110",
                "reference": "56fee7374b114c7e6089473396ef22be8e39c110",
                "shasum": ""
            },
            "require": {
                "php": ">=8.0"
            },
            "type": "library",
            "autoload": {
                "psr-4": {
                    "Liberty\\Helpers\\": "src/"
                }
            },
            "notification-url": "https://packagist.org/downloads/",
            "license": [
                "MIT"
            ],
            "authors": [
                {
                    "name": "Алексей Зорин",
                    "email": "zorinalexey59292@gmail.com"
                }
            ],
            "description": "test",
            "support": {
                "issues": "https://github.com/zorinalexey/liberty-helpers/issues",
                "source": "https://github.com/zorinalexey/liberty-helpers/tree/1.0.3"
            },
            "time": "2023-01-06T05:44:27+00:00"
        }
    ],
    "packages-dev": [],
    "aliases": [],
    "minimum-stability": "stable",
    "stability-flags": [],
    "prefer-stable": false,
    "prefer-lowest": false,
    "platform": {
        "php": ">=8.0"
    },
    "platform-dev": [],
    "plugin-api-version": "2.2.0"
}
